
Microsoft Visual Studio Solution File, Format Version 12.00
# Visual Studio 15
VisualStudioVersion = 15.0.27428.2043
MinimumVisualStudioVersion = 10.0.40219.1
Project("{00D1A9C2-B5F0-4AF3-8072-F6C62B433612}") = "OrderDatabase", "OrderDatabase\OrderDatabase.sqlproj", "{0C16B4A9-70B1-4EB8-ADFF-AA36CD73C2C1}"
EndProject
Project("{2150E333-8FDC-42A3-9474-1A3956D46DE8}") = "SendQueueMessageClient", "SendQueueMessageClient", "{55EB6B15-30DF-4B11-A2CA-CC413EB7B7AD}"
EndProject
Project("{9A19103F-16F7-4668-BE54-9A1E7A4F7556}") = "QueueMessageClient", "QueueMessageClient\QueueMessageClient.csproj", "{6BD87E55-B7F4-4099-9279-E4C531C5C8DA}"
EndProject
Project("{2150E333-8FDC-42A3-9474-1A3956D46DE8}") = "Database", "Database", "{654E99BB-1BB8-4488-B93E-E5EB15451618}"
EndProject
Project("{2150E333-8FDC-42A3-9474-1A3956D46DE8}") = "AzureFunction_Precompiled", "AzureFunction_Precompiled", "{2A4306F2-BA93-4101-9C8C-8B56A24982C3}"
EndProject
Project("{9A19103F-16F7-4668-BE54-9A1E7A4F7556}") = "AzureFunctionsExample.V1", "AzureFunctionsExample.V1\AzureFunctionsExample.V1.csproj", "{07E09DA6-EA9D-4491-B08F-0AF6960F3988}"
EndProject
Project("{9A19103F-16F7-4668-BE54-9A1E7A4F7556}") = "AzureFunctionsExample.V2", "AzureFunctionsExample.V2\AzureFunctionsExample.V2.csproj", "{4376F631-9416-4026-A535-90D67512C7AB}"
EndProject
Project("{9A19103F-16F7-4668-BE54-9A1E7A4F7556}") = "AzureFunctionsExample.Shared", "AzureFunctionsExample.Shared\AzureFunctionsExample.Shared.csproj", "{62007A95-CDA1-4291-836B-ECD09981D2EB}"
EndProject
Project("{9A19103F-16F7-4668-BE54-9A1E7A4F7556}") = "AzureFunctionExample.ResourceAccess", "AzureFunctionExample.ResourceAccess\AzureFunctionExample.ResourceAccess.csproj", "{D63BBDB5-EEF8-485B-A749-2F9DFD5F9867}"
EndProject
Project("{2150E333-8FDC-42A3-9474-1A3956D46DE8}") = "Solution Items", "Solution Items", "{26908998-FFFF-4BEF-A44C-648830F36F6A}"
	ProjectSection(SolutionItems) = preProject
		emailtemplate.html = emailtemplate.html
		README.md = README.md
	EndProjectSection
EndProject
Project("{2150E333-8FDC-42A3-9474-1A3956D46DE8}") = "AzureFunction_CsharpScript", "AzureFunction_CsharpScript", "{7FC80B3F-C060-4930-B0E5-93FD51175024}"
EndProject
Project("{FAE04EC0-301F-11D3-BF4B-00C04F79EFBC}") = "AzureFunctionsExample.ScriptV1", "AzureFunctionsExample.ScriptV1\AzureFunctionsExample.ScriptV1.csproj", "{432B5B48-BF12-4AE8-8573-8DE366B74FE2}"
EndProject
Project("{FAE04EC0-301F-11D3-BF4B-00C04F79EFBC}") = "AzureFunctionsExample.ScriptResources", "AzureFunctionsExample.ScriptResources\AzureFunctionsExample.ScriptResources.csproj", "{D3993A69-789F-4C47-B201-248C8B731AD9}"
EndProject
Global
	GlobalSection(SolutionConfigurationPlatforms) = preSolution
		Debug|Any CPU = Debug|Any CPU
		Release|Any CPU = Release|Any CPU
	EndGlobalSection
	GlobalSection(ProjectConfigurationPlatforms) = postSolution
		{0C16B4A9-70B1-4EB8-ADFF-AA36CD73C2C1}.Debug|Any CPU.ActiveCfg = Debug|Any CPU
		{0C16B4A9-70B1-4EB8-ADFF-AA36CD73C2C1}.Debug|Any CPU.Build.0 = Debug|Any CPU
		{0C16B4A9-70B1-4EB8-ADFF-AA36CD73C2C1}.Debug|Any CPU.Deploy.0 = Debug|Any CPU
		{0C16B4A9-70B1-4EB8-ADFF-AA36CD73C2C1}.Release|Any CPU.ActiveCfg = Release|Any CPU
		{0C16B4A9-70B1-4EB8-ADFF-AA36CD73C2C1}.Release|Any CPU.Build.0 = Release|Any CPU
		{0C16B4A9-70B1-4EB8-ADFF-AA36CD73C2C1}.Release|Any CPU.Deploy.0 = Release|Any CPU
		{6BD87E55-B7F4-4099-9279-E4C531C5C8DA}.Debug|Any CPU.ActiveCfg = Debug|Any CPU
		{6BD87E55-B7F4-4099-9279-E4C531C5C8DA}.Debug|Any CPU.Build.0 = Debug|Any CPU
		{6BD87E55-B7F4-4099-9279-E4C531C5C8DA}.Release|Any CPU.ActiveCfg = Release|Any CPU
		{6BD87E55-B7F4-4099-9279-E4C531C5C8DA}.Release|Any CPU.Build.0 = Release|Any CPU
		{07E09DA6-EA9D-4491-B08F-0AF6960F3988}.Debug|Any CPU.ActiveCfg = Debug|Any CPU
		{07E09DA6-EA9D-4491-B08F-0AF6960F3988}.Debug|Any CPU.Build.0 = Debug|Any CPU
		{07E09DA6-EA9D-4491-B08F-0AF6960F3988}.Release|Any CPU.ActiveCfg = Release|Any CPU
		{07E09DA6-EA9D-4491-B08F-0AF6960F3988}.Release|Any CPU.Build.0 = Release|Any CPU
		{4376F631-9416-4026-A535-90D67512C7AB}.Debug|Any CPU.ActiveCfg = Debug|Any CPU
		{4376F631-9416-4026-A535-90D67512C7AB}.Debug|Any CPU.Build.0 = Debug|Any CPU
		{4376F631-9416-4026-A535-90D67512C7AB}.Release|Any CPU.ActiveCfg = Release|Any CPU
		{4376F631-9416-4026-A535-90D67512C7AB}.Release|Any CPU.Build.0 = Release|Any CPU
		{62007A95-CDA1-4291-836B-ECD09981D2EB}.Debug|Any CPU.ActiveCfg = Debug|Any CPU
		{62007A95-CDA1-4291-836B-ECD09981D2EB}.Debug|Any CPU.Build.0 = Debug|Any CPU
		{62007A95-CDA1-4291-836B-ECD09981D2EB}.Release|Any CPU.ActiveCfg = Release|Any CPU
		{62007A95-CDA1-4291-836B-ECD09981D2EB}.Release|Any CPU.Build.0 = Release|Any CPU
		{D63BBDB5-EEF8-485B-A749-2F9DFD5F9867}.Debug|Any CPU.ActiveCfg = Debug|Any CPU
		{D63BBDB5-EEF8-485B-A749-2F9DFD5F9867}.Debug|Any CPU.Build.0 = Debug|Any CPU
		{D63BBDB5-EEF8-485B-A749-2F9DFD5F9867}.Release|Any CPU.ActiveCfg = Release|Any CPU
		{D63BBDB5-EEF8-485B-A749-2F9DFD5F9867}.Release|Any CPU.Build.0 = Release|Any CPU
		{432B5B48-BF12-4AE8-8573-8DE366B74FE2}.Debug|Any CPU.ActiveCfg = Debug|Any CPU
		{432B5B48-BF12-4AE8-8573-8DE366B74FE2}.Debug|Any CPU.Build.0 = Debug|Any CPU
		{432B5B48-BF12-4AE8-8573-8DE366B74FE2}.Release|Any CPU.ActiveCfg = Release|Any CPU
		{432B5B48-BF12-4AE8-8573-8DE366B74FE2}.Release|Any CPU.Build.0 = Release|Any CPU
		{D3993A69-789F-4C47-B201-248C8B731AD9}.Debug|Any CPU.ActiveCfg = Debug|Any CPU
		{D3993A69-789F-4C47-B201-248C8B731AD9}.Debug|Any CPU.Build.0 = Debug|Any CPU
		{D3993A69-789F-4C47-B201-248C8B731AD9}.Release|Any CPU.ActiveCfg = Release|Any CPU
		{D3993A69-789F-4C47-B201-248C8B731AD9}.Release|Any CPU.Build.0 = Release|Any CPU
	EndGlobalSection
	GlobalSection(SolutionProperties) = preSolution
		HideSolutionNode = FALSE
	EndGlobalSection
	GlobalSection(NestedProjects) = preSolution
		{0C16B4A9-70B1-4EB8-ADFF-AA36CD73C2C1} = {654E99BB-1BB8-4488-B93E-E5EB15451618}
		{6BD87E55-B7F4-4099-9279-E4C531C5C8DA} = {55EB6B15-30DF-4B11-A2CA-CC413EB7B7AD}
		{07E09DA6-EA9D-4491-B08F-0AF6960F3988} = {2A4306F2-BA93-4101-9C8C-8B56A24982C3}
		{4376F631-9416-4026-A535-90D67512C7AB} = {2A4306F2-BA93-4101-9C8C-8B56A24982C3}
		{62007A95-CDA1-4291-836B-ECD09981D2EB} = {2A4306F2-BA93-4101-9C8C-8B56A24982C3}
		{D63BBDB5-EEF8-485B-A749-2F9DFD5F9867} = {2A4306F2-BA93-4101-9C8C-8B56A24982C3}
		{432B5B48-BF12-4AE8-8573-8DE366B74FE2} = {7FC80B3F-C060-4930-B0E5-93FD51175024}
		{D3993A69-789F-4C47-B201-248C8B731AD9} = {7FC80B3F-C060-4930-B0E5-93FD51175024}
	EndGlobalSection
	GlobalSection(ExtensibilityGlobals) = postSolution
		SolutionGuid = {CE3390ED-2638-4058-8E25-ECC39349FE0F}
	EndGlobalSection
EndGlobal
